
Microsoft Visual Studio Solution File, Format Version 12.00
# Visual Studio Version 16
VisualStudioVersion = 16.0.31729.503
MinimumVisualStudioVersion = 10.0.40219.1
Project("{FAE04EC0-301F-11D3-BF4B-00C04F79EFBC}") = "Assignment_1_AES", "Assignment_1_AES\Assignment_1_AES.csproj", "{27593E07-E9B8-4190-8CF2-DC3AFD5D44DC}"
EndProject
Global
	GlobalSection(SolutionConfigurationPlatforms) = preSolution
		Debug|Any CPU = Debug|Any CPU
		Release|Any CPU = Release|Any CPU
	EndGlobalSection
	GlobalSection(ProjectConfigurationPlatforms) = postSolution
		{27593E07-E9B8-4190-8CF2-DC3AFD5D44DC}.Debug|Any CPU.ActiveCfg = Debug|Any CPU
		{27593E07-E9B8-4190-8CF2-DC3AFD5D44DC}.Debug|Any CPU.Build.0 = Debug|Any CPU
		{27593E07-E9B8-4190-8CF2-DC3AFD5D44DC}.Release|Any CPU.ActiveCfg = Release|Any CPU
		{27593E07-E9B8-4190-8CF2-DC3AFD5D44DC}.Release|Any CPU.Build.0 = Release|Any CPU
	EndGlobalSection
	GlobalSection(SolutionProperties) = preSolution
		HideSolutionNode = FALSE
	EndGlobalSection
	GlobalSection(ExtensibilityGlobals) = postSolution
		SolutionGuid = {4AB290F0-DF54-47AD-B784-3AABEDD7E36F}
	EndGlobalSection
EndGlobal
